
Microsoft Visual Studio Solution File, Format Version 12.00
# Visual Studio Version 17
VisualStudioVersion = 17.0.31903.59
MinimumVisualStudioVersion = 10.0.40219.1
Project("{9A19103F-16F7-4668-BE54-9A1E7A4F7556}") = "CIStatusAggregator", "CIStatusAggregator\CIStatusAggregator.csproj", "{2244BD23-7D45-4EC3-A8D8-910F7C0D394D}"
EndProject
Project("{9A19103F-16F7-4668-BE54-9A1E7A4F7556}") = "CIStatusAggregator.Commons", "CIStatusAggregator.Commons\CIStatusAggregator.Commons.csproj", "{B2FCEDDA-5062-4522-80AE-1E2538A7632C}"
EndProject
Project("{9A19103F-16F7-4668-BE54-9A1E7A4F7556}") = "CIStatusAggregator.Commons.Test", "CIStatusAggregator.Commons.Test\CIStatusAggregator.Commons.Test.csproj", "{D6539488-1891-4573-923E-C20E19771E16}"
EndProject
Project("{9A19103F-16F7-4668-BE54-9A1E7A4F7556}") = "CIStatusAggregator.Models", "CIStatusAggregator.Models\CIStatusAggregator.Models.csproj", "{9D21A893-D406-48EA-9D5D-5062DB08CAAC}"
EndProject
Project("{9A19103F-16F7-4668-BE54-9A1E7A4F7556}") = "CIStatusAggregator.Test", "CIStatusAggregator.Test\CIStatusAggregator.Test.csproj", "{AF98370B-AE1C-4A2E-8753-8F57C5F86694}"
EndProject
Global
	GlobalSection(SolutionConfigurationPlatforms) = preSolution
		Debug|Any CPU = Debug|Any CPU
		Release|Any CPU = Release|Any CPU
	EndGlobalSection
	GlobalSection(ProjectConfigurationPlatforms) = postSolution
		{2244BD23-7D45-4EC3-A8D8-910F7C0D394D}.Debug|Any CPU.ActiveCfg = Debug|Any CPU
		{2244BD23-7D45-4EC3-A8D8-910F7C0D394D}.Debug|Any CPU.Build.0 = Debug|Any CPU
		{2244BD23-7D45-4EC3-A8D8-910F7C0D394D}.Release|Any CPU.ActiveCfg = Release|Any CPU
		{2244BD23-7D45-4EC3-A8D8-910F7C0D394D}.Release|Any CPU.Build.0 = Release|Any CPU
		{B2FCEDDA-5062-4522-80AE-1E2538A7632C}.Debug|Any CPU.ActiveCfg = Debug|Any CPU
		{B2FCEDDA-5062-4522-80AE-1E2538A7632C}.Debug|Any CPU.Build.0 = Debug|Any CPU
		{B2FCEDDA-5062-4522-80AE-1E2538A7632C}.Release|Any CPU.ActiveCfg = Release|Any CPU
		{B2FCEDDA-5062-4522-80AE-1E2538A7632C}.Release|Any CPU.Build.0 = Release|Any CPU
		{D6539488-1891-4573-923E-C20E19771E16}.Debug|Any CPU.ActiveCfg = Debug|Any CPU
		{D6539488-1891-4573-923E-C20E19771E16}.Debug|Any CPU.Build.0 = Debug|Any CPU
		{D6539488-1891-4573-923E-C20E19771E16}.Release|Any CPU.ActiveCfg = Release|Any CPU
		{D6539488-1891-4573-923E-C20E19771E16}.Release|Any CPU.Build.0 = Release|Any CPU
		{9D21A893-D406-48EA-9D5D-5062DB08CAAC}.Debug|Any CPU.ActiveCfg = Debug|Any CPU
		{9D21A893-D406-48EA-9D5D-5062DB08CAAC}.Debug|Any CPU.Build.0 = Debug|Any CPU
		{9D21A893-D406-48EA-9D5D-5062DB08CAAC}.Release|Any CPU.ActiveCfg = Release|Any CPU
		{9D21A893-D406-48EA-9D5D-5062DB08CAAC}.Release|Any CPU.Build.0 = Release|Any CPU
		{AF98370B-AE1C-4A2E-8753-8F57C5F86694}.Debug|Any CPU.ActiveCfg = Debug|Any CPU
		{AF98370B-AE1C-4A2E-8753-8F57C5F86694}.Debug|Any CPU.Build.0 = Debug|Any CPU
		{AF98370B-AE1C-4A2E-8753-8F57C5F86694}.Release|Any CPU.ActiveCfg = Release|Any CPU
		{AF98370B-AE1C-4A2E-8753-8F57C5F86694}.Release|Any CPU.Build.0 = Release|Any CPU
	EndGlobalSection
	GlobalSection(SolutionProperties) = preSolution
		HideSolutionNode = FALSE
	EndGlobalSection
	GlobalSection(ExtensibilityGlobals) = postSolution
		SolutionGuid = {A2571165-63AA-4D2A-A1E5-7A3DD0B0CFC8}
	EndGlobalSection
EndGlobal
